
Microsoft Visual Studio Solution File, Format Version 12.00
# Visual Studio Version 16
VisualStudioVersion = 16.0.31702.278
MinimumVisualStudioVersion = 10.0.40219.1
Project("{FAE04EC0-301F-11D3-BF4B-00C04F79EFBC}") = "Perseptron", "Perseptron\Perseptron.csproj", "{4805B53E-BA05-4EE9-B263-C28D49BCAA04}"
EndProject
Global
	GlobalSection(SolutionConfigurationPlatforms) = preSolution
		Debug|Any CPU = Debug|Any CPU
		Release|Any CPU = Release|Any CPU
	EndGlobalSection
	GlobalSection(ProjectConfigurationPlatforms) = postSolution
		{4805B53E-BA05-4EE9-B263-C28D49BCAA04}.Debug|Any CPU.ActiveCfg = Debug|Any CPU
		{4805B53E-BA05-4EE9-B263-C28D49BCAA04}.Debug|Any CPU.Build.0 = Debug|Any CPU
		{4805B53E-BA05-4EE9-B263-C28D49BCAA04}.Release|Any CPU.ActiveCfg = Release|Any CPU
		{4805B53E-BA05-4EE9-B263-C28D49BCAA04}.Release|Any CPU.Build.0 = Release|Any CPU
	EndGlobalSection
	GlobalSection(SolutionProperties) = preSolution
		HideSolutionNode = FALSE
	EndGlobalSection
	GlobalSection(ExtensibilityGlobals) = postSolution
		SolutionGuid = {C851E18F-613D-4A74-9116-1DB3BAA313D8}
	EndGlobalSection
EndGlobal
